
Microsoft Visual Studio Solution File, Format Version 12.00
# Visual Studio Version 17
VisualStudioVersion = 17.4.33403.182
MinimumVisualStudioVersion = 10.0.40219.1
Project("{FAE04EC0-301F-11D3-BF4B-00C04F79EFBC}") = "ChatTCP_Client", "ChatTCP_Client\ChatTCP_Client.csproj", "{B55AFAD9-F422-49A7-AD23-50ABA4392ED4}"
EndProject
Global
	GlobalSection(SolutionConfigurationPlatforms) = preSolution
		Debug|Any CPU = Debug|Any CPU
		Release|Any CPU = Release|Any CPU
	EndGlobalSection
	GlobalSection(ProjectConfigurationPlatforms) = postSolution
		{B55AFAD9-F422-49A7-AD23-50ABA4392ED4}.Debug|Any CPU.ActiveCfg = Debug|Any CPU
		{B55AFAD9-F422-49A7-AD23-50ABA4392ED4}.Debug|Any CPU.Build.0 = Debug|Any CPU
		{B55AFAD9-F422-49A7-AD23-50ABA4392ED4}.Release|Any CPU.ActiveCfg = Release|Any CPU
		{B55AFAD9-F422-49A7-AD23-50ABA4392ED4}.Release|Any CPU.Build.0 = Release|Any CPU
	EndGlobalSection
	GlobalSection(SolutionProperties) = preSolution
		HideSolutionNode = FALSE
	EndGlobalSection
	GlobalSection(ExtensibilityGlobals) = postSolution
		SolutionGuid = {29E9E630-B63D-4567-8FFB-100AE5E99E92}
	EndGlobalSection
EndGlobal
